// !$*UTF8*$!
{
	archiveVersion = 1;
	classes = {
	};
	objectVersion = 46;
	objects = {

/* Begin PBXBuildFile section */
		522968CF1BE1B3CB00E155F9 /* main.m in Sources */ = {isa = PBXBuildFile; fileRef = 522968CE1BE1B3CB00E155F9 /* main.m */; };
		522968D21BE1B3CB00E155F9 /* AppDelegate.m in Sources */ = {isa = PBXBuildFile; fileRef = 522968D11BE1B3CB00E155F9 /* AppDelegate.m */; };
		522968D51BE1B3CB00E155F9 /* ViewController.m in Sources */ = {isa = PBXBuildFile; fileRef = 522968D41BE1B3CB00E155F9 /* ViewController.m */; };
		522968D81BE1B3CB00E155F9 /* Main.storyboard in Resources */ = {isa = PBXBuildFile; fileRef = 522968D61BE1B3CB00E155F9 /* Main.storyboard */; };
		522968DA1BE1B3CB00E155F9 /* Assets.xcassets in Resources */ = {isa = PBXBuildFile; fileRef = 522968D91BE1B3CB00E155F9 /* Assets.xcassets */; };
		522968DD1BE1B3CB00E155F9 /* LaunchScreen.storyboard in Resources */ = {isa = PBXBuildFile; fileRef = 522968DB1BE1B3CB00E155F9 /* LaunchScreen.storyboard */; };
		522968E81BE1B3CB00E155F9 /* JSON_XMLTests.m in Sources */ = {isa = PBXBuildFile; fileRef = 522968E71BE1B3CB00E155F9 /* JSON_XMLTests.m */; };
		522968F31BE1B3CB00E155F9 /* JSON_XMLUITests.m in Sources */ = {isa = PBXBuildFile; fileRef = 522968F21BE1B3CB00E155F9 /* JSON_XMLUITests.m */; };
		522969031BE1D21900E155F9 /* BookInfo.m in Sources */ = {isa = PBXBuildFile; fileRef = 522969021BE1D21900E155F9 /* BookInfo.m */; settings = {ASSET_TAGS = (); }; };
/* End PBXBuildFile section */

/* Begin PBXContainerItemProxy section */
		522968E41BE1B3CB00E155F9 /* PBXContainerItemProxy */ = {
			isa = PBXContainerItemProxy;
			containerPortal = 522968C21BE1B3CB00E155F9 /* Project object */;
			proxyType = 1;
			remoteGlobalIDString = 522968C91BE1B3CB00E155F9;
			remoteInfo = "JSON和XML";
		};
		522968EF1BE1B3CB00E155F9 /* PBXContainerItemProxy */ = {
			isa = PBXContainerItemProxy;
			containerPortal = 522968C21BE1B3CB00E155F9 /* Project object */;
			proxyType = 1;
			remoteGlobalIDString = 522968C91BE1B3CB00E155F9;
			remoteInfo = "JSON和XML";
		};
/* End PBXContainerItemProxy section */

/* Begin PBXFileReference section */
		522968CA1BE1B3CB00E155F9 /* JSON和XML.app */ = {isa = PBXFileReference; explicitFileType = wrapper.application; includeInIndex = 0; path = "JSON和XML.app"; sourceTree = BUILT_PRODUCTS_DIR; };
		522968CE1BE1B3CB00E155F9 /* main.m */ = {isa = PBXFileReference; lastKnownFileType = sourcecode.c.objc; path = main.m; sourceTree = "<group>"; };
		522968D01BE1B3CB00E155F9 /* AppDelegate.h */ = {isa = PBXFileReference; lastKnownFileType = sourcecode.c.h; path = AppDelegate.h; sourceTree = "<group>"; };
		522968D11BE1B3CB00E155F9 /* AppDelegate.m */ = {isa = PBXFileReference; lastKnownFileType = sourcecode.c.objc; path = AppDelegate.m; sourceTree = "<group>"; };
		522968D31BE1B3CB00E155F9 /* ViewController.h */ = {isa = PBXFileReference; lastKnownFileType = sourcecode.c.h; path = ViewController.h; sourceTree = "<group>"; };
		522968D41BE1B3CB00E155F9 /* ViewController.m */ = {isa = PBXFileReference; lastKnownFileType = sourcecode.c.objc; path = ViewController.m; sourceTree = "<group>"; };
		522968D71BE1B3CB00E155F9 /* Base */ = {isa = PBXFileReference; lastKnownFileType = file.storyboard; name = Base; path = Base.lproj/Main.storyboard; sourceTree = "<group>"; };
		522968D91BE1B3CB00E155F9 /* Assets.xcassets */ = {isa = PBXFileReference; lastKnownFileType = folder.assetcatalog; path = Assets.xcassets; sourceTree = "<group>"; };
		522968DC1BE1B3CB00E155F9 /* Base */ = {isa = PBXFileReference; lastKnownFileType = file.storyboard; name = Base; path = Base.lproj/LaunchScreen.storyboard; sourceTree = "<group>"; };
		522968DE1BE1B3CB00E155F9 /* Info.plist */ = {isa = PBXFileReference; lastKnownFileType = text.plist.xml; path = Info.plist; sourceTree = "<group>"; };
		522968E31BE1B3CB00E155F9 /* JSON和XMLTests.xctest */ = {isa = PBXFileReference; explicitFileType = wrapper.cfbundle; includeInIndex = 0; path = "JSON和XMLTests.xctest"; sourceTree = BUILT_PRODUCTS_DIR; };
		522968E71BE1B3CB00E155F9 /* JSON_XMLTests.m */ = {isa = PBXFileReference; lastKnownFileType = sourcecode.c.objc; path = JSON_XMLTests.m; sourceTree = "<group>"; };
		522968E91BE1B3CB00E155F9 /* Info.plist */ = {isa = PBXFileReference; lastKnownFileType = text.plist.xml; path = Info.plist; sourceTree = "<group>"; };
		522968EE1BE1B3CB00E155F9 /* JSON和XMLUITests.xctest */ = {isa = PBXFileReference; explicitFileType = wrapper.cfbundle; includeInIndex = 0; path = "JSON和XMLUITests.xctest"; sourceTree = BUILT_PRODUCTS_DIR; };
		522968F21BE1B3CB00E155F9 /* JSON_XMLUITests.m */ = {isa = PBXFileReference; lastKnownFileType = sourcecode.c.objc; path = JSON_XMLUITests.m; sourceTree = "<group>"; };
		522968F41BE1B3CB00E155F9 /* Info.plist */ = {isa = PBXFileReference; lastKnownFileType = text.plist.xml; path = Info.plist; sourceTree = "<group>"; };
		522969001BE1B42D00E155F9 /* Directions.geojson */ = {isa = PBXFileReference; lastKnownFileType = text; path = Directions.geojson; sourceTree = "<group>"; };
		522969011BE1D21900E155F9 /* BookInfo.h */ = {isa = PBXFileReference; fileEncoding = 4; lastKnownFileType = sourcecode.c.h; path = BookInfo.h; sourceTree = "<group>"; };
		522969021BE1D21900E155F9 /* BookInfo.m */ = {isa = PBXFileReference; fileEncoding = 4; lastKnownFileType = sourcecode.c.objc; path = BookInfo.m; sourceTree = "<group>"; };
/* End PBXFileReference section */

/* Begin PBXFrameworksBuildPhase section */
		522968C71BE1B3CB00E155F9 /* Frameworks */ = {
			isa = PBXFrameworksBuildPhase;
			buildActionMask = 2147483647;
			files = (
			);
			runOnlyForDeploymentPostprocessing = 0;
		};
		522968E01BE1B3CB00E155F9 /* Frameworks */ = {
			isa = PBXFrameworksBuildPhase;
			buildActionMask = 2147483647;
			files = (
			);
			runOnlyForDeploymentPostprocessing = 0;
		};
		522968EB1BE1B3CB00E155F9 /* Frameworks */ = {
			isa = PBXFrameworksBuildPhase;
			buildActionMask = 2147483647;
			files = (
			);
			runOnlyForDeploymentPostprocessing = 0;
		};
/* End PBXFrameworksBuildPhase section */

/* Begin PBXGroup section */
		522968C11BE1B3CB00E155F9 = {
			isa = PBXGroup;
			children = (
				522968CC1BE1B3CB00E155F9 /* JSON和XML */,
				522968E61BE1B3CB00E155F9 /* JSON和XMLTests */,
				522968F11BE1B3CB00E155F9 /* JSON和XMLUITests */,
				522968CB1BE1B3CB00E155F9 /* Products */,
			);
			sourceTree = "<group>";
		};
		522968CB1BE1B3CB00E155F9 /* Products */ = {
			isa = PBXGroup;
			children = (
				522968CA1BE1B3CB00E155F9 /* JSON和XML.app */,
				522968E31BE1B3CB00E155F9 /* JSON和XMLTests.xctest */,
				522968EE1BE1B3CB00E155F9 /* JSON和XMLUITests.xctest */,
			);
			name = Products;
			sourceTree = "<group>";
		};
		522968CC1BE1B3CB00E155F9 /* JSON和XML */ = {
			isa = PBXGroup;
			children = (
				522968D01BE1B3CB00E155F9 /* AppDelegate.h */,
				522968D11BE1B3CB00E155F9 /* AppDelegate.m */,
				522968D31BE1B3CB00E155F9 /* ViewController.h */,
				522968D41BE1B3CB00E155F9 /* ViewController.m */,
				522968D61BE1B3CB00E155F9 /* Main.storyboard */,
				522968D91BE1B3CB00E155F9 /* Assets.xcassets */,
				522968DB1BE1B3CB00E155F9 /* LaunchScreen.storyboard */,
				522968DE1BE1B3CB00E155F9 /* Info.plist */,
				522968CD1BE1B3CB00E155F9 /* Supporting Files */,
				522969001BE1B42D00E155F9 /* Directions.geojson */,
				522969011BE1D21900E155F9 /* BookInfo.h */,
				522969021BE1D21900E155F9 /* BookInfo.m */,
			);
			path = "JSON和XML";
			sourceTree = "<group>";
		};
		522968CD1BE1B3CB00E155F9 /* Supporting Files */ = {
			isa = PBXGroup;
			children = (
				522968CE1BE1B3CB00E155F9 /* main.m */,
			);
			name = "Supporting Files";
			sourceTree = "<group>";
		};
		522968E61BE1B3CB00E155F9 /* JSON和XMLTests */ = {
			isa = PBXGroup;
			children = (
				522968E71BE1B3CB00E155F9 /* JSON_XMLTests.m */,
				522968E91BE1B3CB00E155F9 /* Info.plist */,
			);
			path = "JSON和XMLTests";
			sourceTree = "<group>";
		};
		522968F11BE1B3CB00E155F9 /* JSON和XMLUITests */ = {
			isa = PBXGroup;
			children = (
				522968F21BE1B3CB00E155F9 /* JSON_XMLUITests.m */,
				522968F41BE1B3CB00E155F9 /* Info.plist */,
			);
			path = "JSON和XMLUITests";
			sourceTree = "<group>";
		};
/* End PBXGroup section */

/* Begin PBXNativeTarget section */
		522968C91BE1B3CB00E155F9 /* JSON和XML */ = {
			isa = PBXNativeTarget;
			buildConfigurationList = 522968F71BE1B3CB00E155F9 /* Build configuration list for PBXNativeTarget "JSON和XML" */;
			buildPhases = (
				522968C61BE1B3CB00E155F9 /* Sources */,
				522968C71BE1B3CB00E155F9 /* Frameworks */,
				522968C81BE1B3CB00E155F9 /* Resources */,
			);
			buildRules = (
			);
			dependencies = (
			);
			name = "JSON和XML";
			productName = "JSON和XML";
			productReference = 522968CA1BE1B3CB00E155F9 /* JSON和XML.app */;
			productType = "com.apple.product-type.application";
		};
		522968E21BE1B3CB00E155F9 /* JSON和XMLTests */ = {
			isa = PBXNativeTarget;
			buildConfigurationList = 522968FA1BE1B3CB00E155F9 /* Build configuration list for PBXNativeTarget "JSON和XMLTests" */;
			buildPhases = (
				522968DF1BE1B3CB00E155F9 /* Sources */,
				522968E01BE1B3CB00E155F9 /* Frameworks */,
				522968E11BE1B3CB00E155F9 /* Resources */,
			);
			buildRules = (
			);
			dependencies = (
				522968E51BE1B3CB00E155F9 /* PBXTargetDependency */,
			);
			name = "JSON和XMLTests";
			productName = "JSON和XMLTests";
			productReference = 522968E31BE1B3CB00E155F9 /* JSON和XMLTests.xctest */;
			productType = "com.apple.product-type.bundle.unit-test";
		};
		522968ED1BE1B3CB00E155F9 /* JSON和XMLUITests */ = {
			isa = PBXNativeTarget;
			buildConfigurationList = 522968FD1BE1B3CB00E155F9 /* Build configuration list for PBXNativeTarget "JSON和XMLUITests" */;
			buildPhases = (
				522968EA1BE1B3CB00E155F9 /* Sources */,
				522968EB1BE1B3CB00E155F9 /* Frameworks */,
				522968EC1BE1B3CB00E155F9 /* Resources */,
			);
			buildRules = (
			);
			dependencies = (
				522968F01BE1B3CB00E155F9 /* PBXTargetDependency */,
			);
			name = "JSON和XMLUITests";
			productName = "JSON和XMLUITests";
			productReference = 522968EE1BE1B3CB00E155F9 /* JSON和XMLUITests.xctest */;
			productType = "com.apple.product-type.bundle.ui-testing";
		};
/* End PBXNativeTarget section */

/* Begin PBXProject section */
		522968C21BE1B3CB00E155F9 /* Project object */ = {
			isa = PBXProject;
			attributes = {
				LastUpgradeCheck = 0700;
				ORGANIZATIONNAME = RenSihao;
				TargetAttributes = {
					522968C91BE1B3CB00E155F9 = {
						CreatedOnToolsVersion = 7.0;
					};
					522968E21BE1B3CB00E155F9 = {
						CreatedOnToolsVersion = 7.0;
						TestTargetID = 522968C91BE1B3CB00E155F9;
					};
					522968ED1BE1B3CB00E155F9 = {
						CreatedOnToolsVersion = 7.0;
						TestTargetID = 522968C91BE1B3CB00E155F9;
					};
				};
			};
			buildConfigurationList = 522968C51BE1B3CB00E155F9 /* Build configuration list for PBXProject "JSON和XML" */;
			compatibilityVersion = "Xcode 3.2";
			developmentRegion = English;
			hasScannedForEncodings = 0;
			knownRegions = (
				en,
				Base,
			);
			mainGroup = 522968C11BE1B3CB00E155F9;
			productRefGroup = 522968CB1BE1B3CB00E155F9 /* Products */;
			projectDirPath = "";
			projectRoot = "";
			targets = (
				522968C91BE1B3CB00E155F9 /* JSON和XML */,
				522968E21BE1B3CB00E155F9 /* JSON和XMLTests */,
				522968ED1BE1B3CB00E155F9 /* JSON和XMLUITests */,
			);
		};
/* End PBXProject section */

/* Begin PBXResourcesBuildPhase section */
		522968C81BE1B3CB00E155F9 /* Resources */ = {
			isa = PBXResourcesBuildPhase;
			buildActionMask = 2147483647;
			files = (
				522968DD1BE1B3CB00E155F9 /* LaunchScreen.storyboard in Resources */,
				522968DA1BE1B3CB00E155F9 /* Assets.xcassets in Resources */,
				522968D81BE1B3CB00E155F9 /* Main.storyboard in Resources */,
			);
			runOnlyForDeploymentPostprocessing = 0;
		};
		522968E11BE1B3CB00E155F9 /* Resources */ = {
			isa = PBXResourcesBuildPhase;
			buildActionMask = 2147483647;
			files = (
			);
			runOnlyForDeploymentPostprocessing = 0;
		};
		522968EC1BE1B3CB00E155F9 /* Resources */ = {
			isa = PBXResourcesBuildPhase;
			buildActionMask = 2147483647;
			files = (
			);
			runOnlyForDeploymentPostprocessing = 0;
		};
/* End PBXResourcesBuildPhase section */

/* Begin PBXSourcesBuildPhase section */
		522968C61BE1B3CB00E155F9 /* Sources */ = {
			isa = PBXSourcesBuildPhase;
			buildActionMask = 2147483647;
			files = (
				522969031BE1D21900E155F9 /* BookInfo.m in Sources */,
				522968D51BE1B3CB00E155F9 /* ViewController.m in Sources */,
				522968D21BE1B3CB00E155F9 /* AppDelegate.m in Sources */,
				522968CF1BE1B3CB00E155F9 /* main.m in Sources */,
			);
			runOnlyForDeploymentPostprocessing = 0;
		};
		522968DF1BE1B3CB00E155F9 /* Sources */ = {
			isa = PBXSourcesBuildPhase;
			buildActionMask = 2147483647;
			files = (
				522968E81BE1B3CB00E155F9 /* JSON_XMLTests.m in Sources */,
			);
			runOnlyForDeploymentPostprocessing = 0;
		};
		522968EA1BE1B3CB00E155F9 /* Sources */ = {
			isa = PBXSourcesBuildPhase;
			buildActionMask = 2147483647;
			files = (
				522968F31BE1B3CB00E155F9 /* JSON_XMLUITests.m in Sources */,
			);
			runOnlyForDeploymentPostprocessing = 0;
		};
/* End PBXSourcesBuildPhase section */

/* Begin PBXTargetDependency section */
		522968E51BE1B3CB00E155F9 /* PBXTargetDependency */ = {
			isa = PBXTargetDependency;
			target = 522968C91BE1B3CB00E155F9 /* JSON和XML */;
			targetProxy = 522968E41BE1B3CB00E155F9 /* PBXContainerItemProxy */;
		};
		522968F01BE1B3CB00E155F9 /* PBXTargetDependency */ = {
			isa = PBXTargetDependency;
			target = 522968C91BE1B3CB00E155F9 /* JSON和XML */;
			targetProxy = 522968EF1BE1B3CB00E155F9 /* PBXContainerItemProxy */;
		};
/* End PBXTargetDependency section */

/* Begin PBXVariantGroup section */
		522968D61BE1B3CB00E155F9 /* Main.storyboard */ = {
			isa = PBXVariantGroup;
			children = (
				522968D71BE1B3CB00E155F9 /* Base */,
			);
			name = Main.storyboard;
			sourceTree = "<group>";
		};
		522968DB1BE1B3CB00E155F9 /* LaunchScreen.storyboard */ = {
			isa = PBXVariantGroup;
			children = (
				522968DC1BE1B3CB00E155F9 /* Base */,
			);
			name = LaunchScreen.storyboard;
			sourceTree = "<group>";
		};
/* End PBXVariantGroup section */

/* Begin XCBuildConfiguration section */
		522968F51BE1B3CB00E155F9 /* Debug */ = {
			isa = XCBuildConfiguration;
			buildSettings = {
				ALWAYS_SEARCH_USER_PATHS = NO;
				CLANG_CXX_LANGUAGE_STANDARD = "gnu++0x";
				CLANG_CXX_LIBRARY = "libc++";
				CLANG_ENABLE_MODULES = YES;
				CLANG_ENABLE_OBJC_ARC = YES;
				CLANG_WARN_BOOL_CONVERSION = YES;
				CLANG_WARN_CONSTANT_CONVERSION = YES;
				CLANG_WARN_DIRECT_OBJC_ISA_USAGE = YES_ERROR;
				CLANG_WARN_EMPTY_BODY = YES;
				CLANG_WARN_ENUM_CONVERSION = YES;
				CLANG_WARN_INT_CONVERSION = YES;
				CLANG_WARN_OBJC_ROOT_CLASS = YES_ERROR;
				CLANG_WARN_UNREACHABLE_CODE = YES;
				CLANG_WARN__DUPLICATE_METHOD_MATCH = YES;
				"CODE_SIGN_IDENTITY[sdk=iphoneos*]" = "iPhone Developer";
				COPY_PHASE_STRIP = NO;
				DEBUG_INFORMATION_FORMAT = dwarf;
				ENABLE_STRICT_OBJC_MSGSEND = YES;
				ENABLE_TESTABILITY = YES;
				GCC_C_LANGUAGE_STANDARD = gnu99;
				GCC_DYNAMIC_NO_PIC = NO;
				GCC_NO_COMMON_BLOCKS = YES;
				GCC_OPTIMIZATION_LEVEL = 0;
				GCC_PREPROCESSOR_DEFINITIONS = (
					"DEBUG=1",
					"$(inherited)",
				);
				GCC_WARN_64_TO_32_BIT_CONVERSION = YES;
				GCC_WARN_ABOUT_RETURN_TYPE = YES_ERROR;
				GCC_WARN_UNDECLARED_SELECTOR = YES;
				GCC_WARN_UNINITIALIZED_AUTOS = YES_AGGRESSIVE;
				GCC_WARN_UNUSED_FUNCTION = YES;
				GCC_WARN_UNUSED_VARIABLE = YES;
				IPHONEOS_DEPLOYMENT_TARGET = 9.0;
				MTL_ENABLE_DEBUG_INFO = YES;
				ONLY_ACTIVE_ARCH = YES;
				SDKROOT = iphoneos;
			};
			name = Debug;
		};
		522968F61BE1B3CB00E155F9 /* Release */ = {
			isa = XCBuildConfiguration;
			buildSettings = {
				ALWAYS_SEARCH_USER_PATHS = NO;
				CLANG_CXX_LANGUAGE_STANDARD = "gnu++0x";
				CLANG_CXX_LIBRARY = "libc++";
				CLANG_ENABLE_MODULES = YES;
				CLANG_ENABLE_OBJC_ARC = YES;
				CLANG_WARN_BOOL_CONVERSION = YES;
				CLANG_WARN_CONSTANT_CONVERSION = YES;
				CLANG_WARN_DIRECT_OBJC_ISA_USAGE = YES_ERROR;
				CLANG_WARN_EMPTY_BODY = YES;
				CLANG_WARN_ENUM_CONVERSION = YES;
				CLANG_WARN_INT_CONVERSION = YES;
				CLANG_WARN_OBJC_ROOT_CLASS = YES_ERROR;
				CLANG_WARN_UNREACHABLE_CODE = YES;
				CLANG_WARN__DUPLICATE_METHOD_MATCH = YES;
				"CODE_SIGN_IDENTITY[sdk=iphoneos*]" = "iPhone Developer";
				COPY_PHASE_STRIP = NO;
				DEBUG_INFORMATION_FORMAT = "dwarf-with-dsym";
				ENABLE_NS_ASSERTIONS = NO;
				ENABLE_STRICT_OBJC_MSGSEND = YES;
				GCC_C_LANGUAGE_STANDARD = gnu99;
				GCC_NO_COMMON_BLOCKS = YES;
				GCC_WARN_64_TO_32_BIT_CONVERSION = YES;
				GCC_WARN_ABOUT_RETURN_TYPE = YES_ERROR;
				GCC_WARN_UNDECLARED_SELECTOR = YES;
				GCC_WARN_UNINITIALIZED_AUTOS = YES_AGGRESSIVE;
				GCC_WARN_UNUSED_FUNCTION = YES;
				GCC_WARN_UNUSED_VARIABLE = YES;
				IPHONEOS_DEPLOYMENT_TARGET = 9.0;
				MTL_ENABLE_DEBUG_INFO = NO;
				SDKROOT = iphoneos;
				VALIDATE_PRODUCT = YES;
			};
			name = Release;
		};
		522968F81BE1B3CB00E155F9 /* Debug */ = {
			isa = XCBuildConfiguration;
			buildSettings = {
				ASSETCATALOG_COMPILER_APPICON_NAME = AppIcon;
				INFOPLIST_FILE = "JSON和XML/Info.plist";
				LD_RUNPATH_SEARCH_PATHS = "$(inherited) @executable_path/Frameworks";
				PRODUCT_BUNDLE_IDENTIFIER = "rensihao.com.JSON-XML";
				PRODUCT_NAME = "$(TARGET_NAME)";
			};
			name = Debug;
		};
		522968F91BE1B3CB00E155F9 /* Release */ = {
			isa = XCBuildConfiguration;
			buildSettings = {
				ASSETCATALOG_COMPILER_APPICON_NAME = AppIcon;
				INFOPLIST_FILE = "JSON和XML/Info.plist";
				LD_RUNPATH_SEARCH_PATHS = "$(inherited) @executable_path/Frameworks";
				PRODUCT_BUNDLE_IDENTIFIER = "rensihao.com.JSON-XML";
				PRODUCT_NAME = "$(TARGET_NAME)";
			};
			name = Release;
		};
		522968FB1BE1B3CB00E155F9 /* Debug */ = {
			isa = XCBuildConfiguration;
			buildSettings = {
				BUNDLE_LOADER = "$(TEST_HOST)";
				INFOPLIST_FILE = "JSON和XMLTests/Info.plist";
				LD_RUNPATH_SEARCH_PATHS = "$(inherited) @executable_path/Frameworks @loader_path/Frameworks";
				PRODUCT_BUNDLE_IDENTIFIER = "rensihao.com.JSON-XMLTests";
				PRODUCT_NAME = "$(TARGET_NAME)";
				TEST_HOST = "$(BUILT_PRODUCTS_DIR)/JSON和XML.app/JSON和XML";
			};
			name = Debug;
		};
		522968FC1BE1B3CB00E155F9 /* Release */ = {
			isa = XCBuildConfiguration;
			buildSettings = {
				BUNDLE_LOADER = "$(TEST_HOST)";
				INFOPLIST_FILE = "JSON和XMLTests/Info.plist";
				LD_RUNPATH_SEARCH_PATHS = "$(inherited) @executable_path/Frameworks @loader_path/Frameworks";
				PRODUCT_BUNDLE_IDENTIFIER = "rensihao.com.JSON-XMLTests";
				PRODUCT_NAME = "$(TARGET_NAME)";
				TEST_HOST = "$(BUILT_PRODUCTS_DIR)/JSON和XML.app/JSON和XML";
			};
			name = Release;
		};
		522968FE1BE1B3CB00E155F9 /* Debug */ = {
			isa = XCBuildConfiguration;
			buildSettings = {
				INFOPLIST_FILE = "JSON和XMLUITests/Info.plist";
				LD_RUNPATH_SEARCH_PATHS = "$(inherited) @executable_path/Frameworks @loader_path/Frameworks";
				PRODUCT_BUNDLE_IDENTIFIER = "rensihao.com.JSON-XMLUITests";
				PRODUCT_NAME = "$(TARGET_NAME)";
				TEST_TARGET_NAME = "JSON和XML";
				USES_XCTRUNNER = YES;
			};
			name = Debug;
		};
		522968FF1BE1B3CB00E155F9 /* Release */ = {
			isa = XCBuildConfiguration;
			buildSettings = {
				INFOPLIST_FILE = "JSON和XMLUITests/Info.plist";
				LD_RUNPATH_SEARCH_PATHS = "$(inherited) @executable_path/Frameworks @loader_path/Frameworks";
				PRODUCT_BUNDLE_IDENTIFIER = "rensihao.com.JSON-XMLUITests";
				PRODUCT_NAME = "$(TARGET_NAME)";
				TEST_TARGET_NAME = "JSON和XML";
				USES_XCTRUNNER = YES;
			};
			name = Release;
		};
/* End XCBuildConfiguration section */

/* Begin XCConfigurationList section */
		522968C51BE1B3CB00E155F9 /* Build configuration list for PBXProject "JSON和XML" */ = {
			isa = XCConfigurationList;
			buildConfigurations = (
				522968F51BE1B3CB00E155F9 /* Debug */,
				522968F61BE1B3CB00E155F9 /* Release */,
			);
			defaultConfigurationIsVisible = 0;
			defaultConfigurationName = Release;
		};
		522968F71BE1B3CB00E155F9 /* Build configuration list for PBXNativeTarget "JSON和XML" */ = {
			isa = XCConfigurationList;
			buildConfigurations = (
				522968F81BE1B3CB00E155F9 /* Debug */,
				522968F91BE1B3CB00E155F9 /* Release */,
			);
			defaultConfigurationIsVisible = 0;
		};
		522968FA1BE1B3CB00E155F9 /* Build configuration list for PBXNativeTarget "JSON和XMLTests" */ = {
			isa = XCConfigurationList;
			buildConfigurations = (
				522968FB1BE1B3CB00E155F9 /* Debug */,
				522968FC1BE1B3CB00E155F9 /* Release */,
			);
			defaultConfigurationIsVisible = 0;
		};
		522968FD1BE1B3CB00E155F9 /* Build configuration list for PBXNativeTarget "JSON和XMLUITests" */ = {
			isa = XCConfigurationList;
			buildConfigurations = (
				522968FE1BE1B3CB00E155F9 /* Debug */,
				522968FF1BE1B3CB00E155F9 /* Release */,
			);
			defaultConfigurationIsVisible = 0;
		};
/* End XCConfigurationList section */
	};
	rootObject = 522968C21BE1B3CB00E155F9 /* Project object */;
}
